
Microsoft Visual Studio Solution File, Format Version 12.00
# Visual Studio Version 16
VisualStudioVersion = 16.0.29326.143
MinimumVisualStudioVersion = 10.0.40219.1
Project("{2150E333-8FDC-42A3-9474-1A3956D46DE8}") = "Entitiys", "Entitiys", "{FEC662FD-5B05-42CA-989B-4BFE255C74E7}"
EndProject
Project("{2150E333-8FDC-42A3-9474-1A3956D46DE8}") = "Services", "Services", "{223EF4D8-3DFB-49DA-B174-5140D118B806}"
EndProject
Project("{9A19103F-16F7-4668-BE54-9A1E7A4F7556}") = "Entitys", "Entitys\Entitys\Entitys.csproj", "{0AC6D3A0-4A7C-4AAE-A462-10D35B163BDB}"
EndProject
Project("{9A19103F-16F7-4668-BE54-9A1E7A4F7556}") = "AuthService", "Services\AuthService\AuthService.csproj", "{F7693272-1C24-485C-93FB-F7D532BEA261}"
EndProject
Project("{9A19103F-16F7-4668-BE54-9A1E7A4F7556}") = "AdminService", "Services\AdminService\AdminService.csproj", "{C13A219E-A2EF-491E-A5ED-953AADC10144}"
EndProject
Project("{9A19103F-16F7-4668-BE54-9A1E7A4F7556}") = "MainsService", "Services\MainsService\MainsService.csproj", "{82AC07AE-0520-4F0C-AC94-776409429F10}"
EndProject
Project("{9A19103F-16F7-4668-BE54-9A1E7A4F7556}") = "ReferenceService", "Services\ReferenceService\ReferenceService.csproj", "{AB68ABB2-7716-46FD-9563-71ADBC4CDB7E}"
EndProject
Project("{2150E333-8FDC-42A3-9474-1A3956D46DE8}") = "API", "API", "{33B0880F-ADAC-4175-A933-540AEC80F975}"
EndProject
Project("{2150E333-8FDC-42A3-9474-1A3956D46DE8}") = "WEB", "WEB", "{71D8DCC3-1D35-4AE4-B1E3-5C436752DED0}"
EndProject
Project("{9A19103F-16F7-4668-BE54-9A1E7A4F7556}") = "AuthApi", "Web\API\AuthApi\AuthApi.csproj", "{34700539-A2F4-40AA-AAA6-1087FDA46EF5}"
EndProject
Project("{9A19103F-16F7-4668-BE54-9A1E7A4F7556}") = "AdminApi", "Web\API\AdminApi\AdminApi.csproj", "{FD0A0046-6997-4EDD-87F8-F17B106801D6}"
EndProject
Project("{9A19103F-16F7-4668-BE54-9A1E7A4F7556}") = "ReferenceApi", "Web\API\ReferenceApi\ReferenceApi.csproj", "{6703DA26-8E2C-4C08-B520-D8341A42CA8D}"
EndProject
Project("{9A19103F-16F7-4668-BE54-9A1E7A4F7556}") = "OcelotApi", "Web\API\OcelotApi\OcelotApi.csproj", "{697960E6-B8F2-4175-B234-60F903915991}"
EndProject
Project("{9A19103F-16F7-4668-BE54-9A1E7A4F7556}") = "AccountingCashTransactionsService", "AccountingCashTransactionsService\AccountingCashTransactionsService.csproj", "{3E1E75B2-37D5-4190-B1F8-2B99E46E954F}"
EndProject
Project("{9A19103F-16F7-4668-BE54-9A1E7A4F7556}") = "CashOperationsApi", "CashOperationsApi\CashOperationsApi.csproj", "{3C525F57-F7A0-4200-BD04-7A2867FE4884}"
EndProject
Global
	GlobalSection(SolutionConfigurationPlatforms) = preSolution
		Debug|Any CPU = Debug|Any CPU
		Release|Any CPU = Release|Any CPU
	EndGlobalSection
	GlobalSection(ProjectConfigurationPlatforms) = postSolution
		{0AC6D3A0-4A7C-4AAE-A462-10D35B163BDB}.Debug|Any CPU.ActiveCfg = Debug|Any CPU
		{0AC6D3A0-4A7C-4AAE-A462-10D35B163BDB}.Debug|Any CPU.Build.0 = Debug|Any CPU
		{0AC6D3A0-4A7C-4AAE-A462-10D35B163BDB}.Release|Any CPU.ActiveCfg = Release|Any CPU
		{0AC6D3A0-4A7C-4AAE-A462-10D35B163BDB}.Release|Any CPU.Build.0 = Release|Any CPU
		{F7693272-1C24-485C-93FB-F7D532BEA261}.Debug|Any CPU.ActiveCfg = Debug|Any CPU
		{F7693272-1C24-485C-93FB-F7D532BEA261}.Debug|Any CPU.Build.0 = Debug|Any CPU
		{F7693272-1C24-485C-93FB-F7D532BEA261}.Release|Any CPU.ActiveCfg = Release|Any CPU
		{F7693272-1C24-485C-93FB-F7D532BEA261}.Release|Any CPU.Build.0 = Release|Any CPU
		{C13A219E-A2EF-491E-A5ED-953AADC10144}.Debug|Any CPU.ActiveCfg = Debug|Any CPU
		{C13A219E-A2EF-491E-A5ED-953AADC10144}.Debug|Any CPU.Build.0 = Debug|Any CPU
		{C13A219E-A2EF-491E-A5ED-953AADC10144}.Release|Any CPU.ActiveCfg = Release|Any CPU
		{C13A219E-A2EF-491E-A5ED-953AADC10144}.Release|Any CPU.Build.0 = Release|Any CPU
		{82AC07AE-0520-4F0C-AC94-776409429F10}.Debug|Any CPU.ActiveCfg = Debug|Any CPU
		{82AC07AE-0520-4F0C-AC94-776409429F10}.Debug|Any CPU.Build.0 = Debug|Any CPU
		{82AC07AE-0520-4F0C-AC94-776409429F10}.Release|Any CPU.ActiveCfg = Release|Any CPU
		{82AC07AE-0520-4F0C-AC94-776409429F10}.Release|Any CPU.Build.0 = Release|Any CPU
		{AB68ABB2-7716-46FD-9563-71ADBC4CDB7E}.Debug|Any CPU.ActiveCfg = Debug|Any CPU
		{AB68ABB2-7716-46FD-9563-71ADBC4CDB7E}.Debug|Any CPU.Build.0 = Debug|Any CPU
		{AB68ABB2-7716-46FD-9563-71ADBC4CDB7E}.Release|Any CPU.ActiveCfg = Release|Any CPU
		{AB68ABB2-7716-46FD-9563-71ADBC4CDB7E}.Release|Any CPU.Build.0 = Release|Any CPU
		{34700539-A2F4-40AA-AAA6-1087FDA46EF5}.Debug|Any CPU.ActiveCfg = Debug|Any CPU
		{34700539-A2F4-40AA-AAA6-1087FDA46EF5}.Debug|Any CPU.Build.0 = Debug|Any CPU
		{34700539-A2F4-40AA-AAA6-1087FDA46EF5}.Release|Any CPU.ActiveCfg = Release|Any CPU
		{34700539-A2F4-40AA-AAA6-1087FDA46EF5}.Release|Any CPU.Build.0 = Release|Any CPU
		{FD0A0046-6997-4EDD-87F8-F17B106801D6}.Debug|Any CPU.ActiveCfg = Debug|Any CPU
		{FD0A0046-6997-4EDD-87F8-F17B106801D6}.Debug|Any CPU.Build.0 = Debug|Any CPU
		{FD0A0046-6997-4EDD-87F8-F17B106801D6}.Release|Any CPU.ActiveCfg = Release|Any CPU
		{FD0A0046-6997-4EDD-87F8-F17B106801D6}.Release|Any CPU.Build.0 = Release|Any CPU
		{6703DA26-8E2C-4C08-B520-D8341A42CA8D}.Debug|Any CPU.ActiveCfg = Debug|Any CPU
		{6703DA26-8E2C-4C08-B520-D8341A42CA8D}.Debug|Any CPU.Build.0 = Debug|Any CPU
		{6703DA26-8E2C-4C08-B520-D8341A42CA8D}.Release|Any CPU.ActiveCfg = Release|Any CPU
		{6703DA26-8E2C-4C08-B520-D8341A42CA8D}.Release|Any CPU.Build.0 = Release|Any CPU
		{697960E6-B8F2-4175-B234-60F903915991}.Debug|Any CPU.ActiveCfg = Debug|Any CPU
		{697960E6-B8F2-4175-B234-60F903915991}.Debug|Any CPU.Build.0 = Debug|Any CPU
		{697960E6-B8F2-4175-B234-60F903915991}.Release|Any CPU.ActiveCfg = Release|Any CPU
		{697960E6-B8F2-4175-B234-60F903915991}.Release|Any CPU.Build.0 = Release|Any CPU
		{3E1E75B2-37D5-4190-B1F8-2B99E46E954F}.Debug|Any CPU.ActiveCfg = Debug|Any CPU
		{3E1E75B2-37D5-4190-B1F8-2B99E46E954F}.Debug|Any CPU.Build.0 = Debug|Any CPU
		{3E1E75B2-37D5-4190-B1F8-2B99E46E954F}.Release|Any CPU.ActiveCfg = Release|Any CPU
		{3E1E75B2-37D5-4190-B1F8-2B99E46E954F}.Release|Any CPU.Build.0 = Release|Any CPU
		{3C525F57-F7A0-4200-BD04-7A2867FE4884}.Debug|Any CPU.ActiveCfg = Debug|Any CPU
		{3C525F57-F7A0-4200-BD04-7A2867FE4884}.Debug|Any CPU.Build.0 = Debug|Any CPU
		{3C525F57-F7A0-4200-BD04-7A2867FE4884}.Release|Any CPU.ActiveCfg = Release|Any CPU
		{3C525F57-F7A0-4200-BD04-7A2867FE4884}.Release|Any CPU.Build.0 = Release|Any CPU
	EndGlobalSection
	GlobalSection(SolutionProperties) = preSolution
		HideSolutionNode = FALSE
	EndGlobalSection
	GlobalSection(NestedProjects) = preSolution
		{0AC6D3A0-4A7C-4AAE-A462-10D35B163BDB} = {FEC662FD-5B05-42CA-989B-4BFE255C74E7}
		{F7693272-1C24-485C-93FB-F7D532BEA261} = {223EF4D8-3DFB-49DA-B174-5140D118B806}
		{C13A219E-A2EF-491E-A5ED-953AADC10144} = {223EF4D8-3DFB-49DA-B174-5140D118B806}
		{82AC07AE-0520-4F0C-AC94-776409429F10} = {223EF4D8-3DFB-49DA-B174-5140D118B806}
		{AB68ABB2-7716-46FD-9563-71ADBC4CDB7E} = {223EF4D8-3DFB-49DA-B174-5140D118B806}
		{33B0880F-ADAC-4175-A933-540AEC80F975} = {71D8DCC3-1D35-4AE4-B1E3-5C436752DED0}
		{34700539-A2F4-40AA-AAA6-1087FDA46EF5} = {33B0880F-ADAC-4175-A933-540AEC80F975}
		{FD0A0046-6997-4EDD-87F8-F17B106801D6} = {33B0880F-ADAC-4175-A933-540AEC80F975}
		{6703DA26-8E2C-4C08-B520-D8341A42CA8D} = {33B0880F-ADAC-4175-A933-540AEC80F975}
		{697960E6-B8F2-4175-B234-60F903915991} = {33B0880F-ADAC-4175-A933-540AEC80F975}
		{3E1E75B2-37D5-4190-B1F8-2B99E46E954F} = {223EF4D8-3DFB-49DA-B174-5140D118B806}
		{3C525F57-F7A0-4200-BD04-7A2867FE4884} = {33B0880F-ADAC-4175-A933-540AEC80F975}
	EndGlobalSection
	GlobalSection(ExtensibilityGlobals) = postSolution
		SolutionGuid = {2751B78B-8E53-4988-867C-97BE3917FD67}
	EndGlobalSection
EndGlobal
